
Microsoft Visual Studio Solution File, Format Version 12.00
# Visual Studio Version 16
VisualStudioVersion = 16.0.28922.388
MinimumVisualStudioVersion = 10.0.40219.1
Project("{9A19103F-16F7-4668-BE54-9A1E7A4F7556}") = "SimpleExec", "SimpleExec\SimpleExec.csproj", "{C987B855-9D1C-4E56-B841-2E968E45DEBA}"
EndProject
Project("{9A19103F-16F7-4668-BE54-9A1E7A4F7556}") = "SimpleExecTests", "SimpleExecTests\SimpleExecTests.csproj", "{6FB1F0CF-FA6C-4868-846E-9481F4692A68}"
EndProject
Project("{9A19103F-16F7-4668-BE54-9A1E7A4F7556}") = "SimpleExecTester", "SimpleExecTester\SimpleExecTester.csproj", "{65DE7849-D516-4FB5-865D-A6E6B2E5BA3D}"
EndProject
Global
	GlobalSection(SolutionConfigurationPlatforms) = preSolution
		Debug|Any CPU = Debug|Any CPU
		Release|Any CPU = Release|Any CPU
	EndGlobalSection
	GlobalSection(ProjectConfigurationPlatforms) = postSolution
		{C987B855-9D1C-4E56-B841-2E968E45DEBA}.Debug|Any CPU.ActiveCfg = Debug|Any CPU
		{C987B855-9D1C-4E56-B841-2E968E45DEBA}.Debug|Any CPU.Build.0 = Debug|Any CPU
		{C987B855-9D1C-4E56-B841-2E968E45DEBA}.Release|Any CPU.ActiveCfg = Release|Any CPU
		{C987B855-9D1C-4E56-B841-2E968E45DEBA}.Release|Any CPU.Build.0 = Release|Any CPU
		{6FB1F0CF-FA6C-4868-846E-9481F4692A68}.Debug|Any CPU.ActiveCfg = Debug|Any CPU
		{6FB1F0CF-FA6C-4868-846E-9481F4692A68}.Debug|Any CPU.Build.0 = Debug|Any CPU
		{6FB1F0CF-FA6C-4868-846E-9481F4692A68}.Release|Any CPU.ActiveCfg = Release|Any CPU
		{6FB1F0CF-FA6C-4868-846E-9481F4692A68}.Release|Any CPU.Build.0 = Release|Any CPU
		{65DE7849-D516-4FB5-865D-A6E6B2E5BA3D}.Debug|Any CPU.ActiveCfg = Debug|Any CPU
		{65DE7849-D516-4FB5-865D-A6E6B2E5BA3D}.Debug|Any CPU.Build.0 = Debug|Any CPU
		{65DE7849-D516-4FB5-865D-A6E6B2E5BA3D}.Release|Any CPU.ActiveCfg = Release|Any CPU
		{65DE7849-D516-4FB5-865D-A6E6B2E5BA3D}.Release|Any CPU.Build.0 = Release|Any CPU
	EndGlobalSection
	GlobalSection(SolutionProperties) = preSolution
		HideSolutionNode = FALSE
	EndGlobalSection
	GlobalSection(ExtensibilityGlobals) = postSolution
		SolutionGuid = {8AD4E16A-FB92-4D52-B09E-8F676325E879}
	EndGlobalSection
EndGlobal
