<Solution>
  <Folder Name="/fixtures/">
    <Project Path="fixtures/Fixtures.Cli/Fixtures.Cli.csproj" />
  </Folder>
  <Folder Name="/src/">
    <Project Path="src/SimpleExec/SimpleExec.csproj" />
  </Folder>
  <Folder Name="/tests/">
    <Project Path="tests/Tests/Tests.csproj" />
  </Folder>
  <Project Path="targets/Targets.csproj" />
</Solution>
