{
  "version": 1,
  "dependencies": {
    "net10.0": {
      "Bullseye": {
        "type": "Direct",
        "requested": "[6.1.0-rc.1, )",
        "resolved": "6.1.0-rc.1",
        "contentHash": "Z22Lk114juFYdNisDA5Av1pFJd//daef80o+/OmcGWteBs1HUQyu+o3n49eqxzvhO8orOXEE7bwhAWmwTd6eBw=="
      }
    }
  }
}