{
  "version": 1,
  "dependencies": {
    "net10.0": {
      "Bullseye": {
        "type": "Direct",
        "requested": "[6.2.0, )",
        "resolved": "6.2.0",
        "contentHash": "YWQxe+pvudGSzW1QqnRUlr9XV0xtlNvMxorVaFPqoMH8qAYNxniMQKGrPSiQkgEy0ckn/TAq98E+DIwTSR7vbQ=="
      },
      "Microsoft.VisualStudio.Threading.Analyzers": {
        "type": "Direct",
        "requested": "[17.14.15, )",
        "resolved": "17.14.15",
        "contentHash": "mXQPJsbuUD2ydq4/ffd8h8tSOFCXec+2xJOVNCvXjuMOq/+5EKHq3D2m2MC2+nUaXeFMSt66VS/J4HdKBixgcw=="
      }
    }
  }
}