{
  "version": 1,
  "dependencies": {
    "net10.0": {
      "Bullseye": {
        "type": "Direct",
        "requested": "[6.1.0, )",
        "resolved": "6.1.0",
        "contentHash": "fltnAJDe0BEX5eymXGUq+il2rSUA0pHqUonNDRH2TrvRu8SkU17mYG0IVpdmG2ibtfhdjNrv4CuTCxHOwcozCA=="
      },
      "Microsoft.VisualStudio.Threading.Analyzers": {
        "type": "Direct",
        "requested": "[17.14.15, )",
        "resolved": "17.14.15",
        "contentHash": "mXQPJsbuUD2ydq4/ffd8h8tSOFCXec+2xJOVNCvXjuMOq/+5EKHq3D2m2MC2+nUaXeFMSt66VS/J4HdKBixgcw=="
      }
    }
  }
}